
Microsoft Visual Studio Solution File, Format Version 12.00
# Visual Studio Version 17
VisualStudioVersion = 17.4.33103.184
MinimumVisualStudioVersion = 10.0.40219.1
Project("{FAE04EC0-301F-11D3-BF4B-00C04F79EFBC}") = "CapaPresentacionAdmin", "CapaPresentacionAdmin\CapaPresentacionAdmin.csproj", "{E27B9200-991D-4B22-A305-941DB074494B}"
EndProject
Project("{FAE04EC0-301F-11D3-BF4B-00C04F79EFBC}") = "CapaPresentacionTienda", "CapaPresentacionTienda\CapaPresentacionTienda.csproj", "{673EC23C-3377-41FE-8F1C-4ABAF2418C46}"
EndProject
Project("{FAE04EC0-301F-11D3-BF4B-00C04F79EFBC}") = "CapaDatos", "CapaDatos\CapaDatos.csproj", "{B9526B26-E230-406A-9617-C1B7B2CE267C}"
EndProject
Project("{FAE04EC0-301F-11D3-BF4B-00C04F79EFBC}") = "CapaEntidad", "CapaEntidad\CapaEntidad.csproj", "{7B919AA5-E7F1-466B-8BD5-078A0D0E7F68}"
EndProject
Project("{FAE04EC0-301F-11D3-BF4B-00C04F79EFBC}") = "CapaNegocio", "CapaNegocio\CapaNegocio.csproj", "{46DAA868-B0FE-4743-A786-DFE7A8C883C6}"
EndProject
Global
	GlobalSection(SolutionConfigurationPlatforms) = preSolution
		Debug|Any CPU = Debug|Any CPU
		Release|Any CPU = Release|Any CPU
	EndGlobalSection
	GlobalSection(ProjectConfigurationPlatforms) = postSolution
		{E27B9200-991D-4B22-A305-941DB074494B}.Debug|Any CPU.ActiveCfg = Debug|Any CPU
		{E27B9200-991D-4B22-A305-941DB074494B}.Debug|Any CPU.Build.0 = Debug|Any CPU
		{E27B9200-991D-4B22-A305-941DB074494B}.Release|Any CPU.ActiveCfg = Release|Any CPU
		{E27B9200-991D-4B22-A305-941DB074494B}.Release|Any CPU.Build.0 = Release|Any CPU
		{673EC23C-3377-41FE-8F1C-4ABAF2418C46}.Debug|Any CPU.ActiveCfg = Debug|Any CPU
		{673EC23C-3377-41FE-8F1C-4ABAF2418C46}.Debug|Any CPU.Build.0 = Debug|Any CPU
		{673EC23C-3377-41FE-8F1C-4ABAF2418C46}.Release|Any CPU.ActiveCfg = Release|Any CPU
		{673EC23C-3377-41FE-8F1C-4ABAF2418C46}.Release|Any CPU.Build.0 = Release|Any CPU
		{B9526B26-E230-406A-9617-C1B7B2CE267C}.Debug|Any CPU.ActiveCfg = Debug|Any CPU
		{B9526B26-E230-406A-9617-C1B7B2CE267C}.Debug|Any CPU.Build.0 = Debug|Any CPU
		{B9526B26-E230-406A-9617-C1B7B2CE267C}.Release|Any CPU.ActiveCfg = Release|Any CPU
		{B9526B26-E230-406A-9617-C1B7B2CE267C}.Release|Any CPU.Build.0 = Release|Any CPU
		{7B919AA5-E7F1-466B-8BD5-078A0D0E7F68}.Debug|Any CPU.ActiveCfg = Debug|Any CPU
		{7B919AA5-E7F1-466B-8BD5-078A0D0E7F68}.Debug|Any CPU.Build.0 = Debug|Any CPU
		{7B919AA5-E7F1-466B-8BD5-078A0D0E7F68}.Release|Any CPU.ActiveCfg = Release|Any CPU
		{7B919AA5-E7F1-466B-8BD5-078A0D0E7F68}.Release|Any CPU.Build.0 = Release|Any CPU
		{46DAA868-B0FE-4743-A786-DFE7A8C883C6}.Debug|Any CPU.ActiveCfg = Debug|Any CPU
		{46DAA868-B0FE-4743-A786-DFE7A8C883C6}.Debug|Any CPU.Build.0 = Debug|Any CPU
		{46DAA868-B0FE-4743-A786-DFE7A8C883C6}.Release|Any CPU.ActiveCfg = Release|Any CPU
		{46DAA868-B0FE-4743-A786-DFE7A8C883C6}.Release|Any CPU.Build.0 = Release|Any CPU
	EndGlobalSection
	GlobalSection(SolutionProperties) = preSolution
		HideSolutionNode = FALSE
	EndGlobalSection
	GlobalSection(ExtensibilityGlobals) = postSolution
		SolutionGuid = {52DAC80C-AEA6-4BEA-B4CE-764BF4268C5C}
	EndGlobalSection
EndGlobal
